// !$*UTF8*$!
{
	archiveVersion = 1;
	classes = {
	};
	objectVersion = 46;
	objects = {

/* Begin PBXBuildFile section */
		8411E7D41EB12D9F00A54304 /* AppDelegate.swift in Sources */ = {isa = PBXBuildFile; fileRef = 8411E7D31EB12D9F00A54304 /* AppDelegate.swift */; };
		8411E7D61EB12D9F00A54304 /* ViewController.swift in Sources */ = {isa = PBXBuildFile; fileRef = 8411E7D51EB12D9F00A54304 /* ViewController.swift */; };
		8411E7D91EB12D9F00A54304 /* Main.storyboard in Resources */ = {isa = PBXBuildFile; fileRef = 8411E7D71EB12D9F00A54304 /* Main.storyboard */; };
		8411E7DC1EB12D9F00A54304 /* Test.xcdatamodeld in Sources */ = {isa = PBXBuildFile; fileRef = 8411E7DA1EB12D9F00A54304 /* Test.xcdatamodeld */; };
		8411E7DE1EB12D9F00A54304 /* Assets.xcassets in Resources */ = {isa = PBXBuildFile; fileRef = 8411E7DD1EB12D9F00A54304 /* Assets.xcassets */; };
		8411E7E11EB12D9F00A54304 /* LaunchScreen.storyboard in Resources */ = {isa = PBXBuildFile; fileRef = 8411E7DF1EB12D9F00A54304 /* LaunchScreen.storyboard */; };
		8411E7EC1EB12D9F00A54304 /* TestTests.swift in Sources */ = {isa = PBXBuildFile; fileRef = 8411E7EB1EB12D9F00A54304 /* TestTests.swift */; };
		8411E7F71EB12D9F00A54304 /* TestUITests.swift in Sources */ = {isa = PBXBuildFile; fileRef = 8411E7F61EB12D9F00A54304 /* TestUITests.swift */; };
/* End PBXBuildFile section */

/* Begin PBXContainerItemProxy section */
		8411E7E81EB12D9F00A54304 /* PBXContainerItemProxy */ = {
			isa = PBXContainerItemProxy;
			containerPortal = 8411E7C81EB12D9F00A54304 /* Project object */;
			proxyType = 1;
			remoteGlobalIDString = 8411E7CF1EB12D9F00A54304;
			remoteInfo = Test;
		};
		8411E7F31EB12D9F00A54304 /* PBXContainerItemProxy */ = {
			isa = PBXContainerItemProxy;
			containerPortal = 8411E7C81EB12D9F00A54304 /* Project object */;
			proxyType = 1;
			remoteGlobalIDString = 8411E7CF1EB12D9F00A54304;
			remoteInfo = Test;
		};
/* End PBXContainerItemProxy section */

/* Begin PBXFileReference section */
		8411E7D01EB12D9F00A54304 /* Test.app */ = {isa = PBXFileReference; explicitFileType = wrapper.application; includeInIndex = 0; path = Test.app; sourceTree = BUILT_PRODUCTS_DIR; };
		8411E7D31EB12D9F00A54304 /* AppDelegate.swift */ = {isa = PBXFileReference; lastKnownFileType = sourcecode.swift; path = AppDelegate.swift; sourceTree = "<group>"; };
		8411E7D51EB12D9F00A54304 /* ViewController.swift */ = {isa = PBXFileReference; lastKnownFileType = sourcecode.swift; path = ViewController.swift; sourceTree = "<group>"; };
		8411E7D81EB12D9F00A54304 /* Base */ = {isa = PBXFileReference; lastKnownFileType = file.storyboard; name = Base; path = Base.lproj/Main.storyboard; sourceTree = "<group>"; };
		8411E7DB1EB12D9F00A54304 /* Test.xcdatamodel */ = {isa = PBXFileReference; lastKnownFileType = wrapper.xcdatamodel; path = Test.xcdatamodel; sourceTree = "<group>"; };
		8411E7DD1EB12D9F00A54304 /* Assets.xcassets */ = {isa = PBXFileReference; lastKnownFileType = folder.assetcatalog; path = Assets.xcassets; sourceTree = "<group>"; };
		8411E7E01EB12D9F00A54304 /* Base */ = {isa = PBXFileReference; lastKnownFileType = file.storyboard; name = Base; path = Base.lproj/LaunchScreen.storyboard; sourceTree = "<group>"; };
		8411E7E21EB12D9F00A54304 /* Info.plist */ = {isa = PBXFileReference; lastKnownFileType = text.plist.xml; path = Info.plist; sourceTree = "<group>"; };
		8411E7E71EB12D9F00A54304 /* TestTests.xctest */ = {isa = PBXFileReference; explicitFileType = wrapper.cfbundle; includeInIndex = 0; path = TestTests.xctest; sourceTree = BUILT_PRODUCTS_DIR; };
		8411E7EB1EB12D9F00A54304 /* TestTests.swift */ = {isa = PBXFileReference; lastKnownFileType = sourcecode.swift; path = TestTests.swift; sourceTree = "<group>"; };
		8411E7ED1EB12D9F00A54304 /* Info.plist */ = {isa = PBXFileReference; lastKnownFileType = text.plist.xml; path = Info.plist; sourceTree = "<group>"; };
		8411E7F21EB12D9F00A54304 /* TestUITests.xctest */ = {isa = PBXFileReference; explicitFileType = wrapper.cfbundle; includeInIndex = 0; path = TestUITests.xctest; sourceTree = BUILT_PRODUCTS_DIR; };
		8411E7F61EB12D9F00A54304 /* TestUITests.swift */ = {isa = PBXFileReference; lastKnownFileType = sourcecode.swift; path = TestUITests.swift; sourceTree = "<group>"; };
		8411E7F81EB12D9F00A54304 /* Info.plist */ = {isa = PBXFileReference; lastKnownFileType = text.plist.xml; path = Info.plist; sourceTree = "<group>"; };
/* End PBXFileReference section */

/* Begin PBXFrameworksBuildPhase section */
		8411E7CD1EB12D9F00A54304 /* Frameworks */ = {
			isa = PBXFrameworksBuildPhase;
			buildActionMask = 2147483647;
			files = (
			);
			runOnlyForDeploymentPostprocessing = 0;
		};
		8411E7E41EB12D9F00A54304 /* Frameworks */ = {
			isa = PBXFrameworksBuildPhase;
			buildActionMask = 2147483647;
			files = (
			);
			runOnlyForDeploymentPostprocessing = 0;
		};
		8411E7EF1EB12D9F00A54304 /* Frameworks */ = {
			isa = PBXFrameworksBuildPhase;
			buildActionMask = 2147483647;
			files = (
			);
			runOnlyForDeploymentPostprocessing = 0;
		};
/* End PBXFrameworksBuildPhase section */

/* Begin PBXGroup section */
		8411E7C71EB12D9F00A54304 = {
			isa = PBXGroup;
			children = (
				8411E7D21EB12D9F00A54304 /* Test */,
				8411E7EA1EB12D9F00A54304 /* TestTests */,
				8411E7F51EB12D9F00A54304 /* TestUITests */,
				8411E7D11EB12D9F00A54304 /* Products */,
			);
			sourceTree = "<group>";
		};
		8411E7D11EB12D9F00A54304 /* Products */ = {
			isa = PBXGroup;
			children = (
				8411E7D01EB12D9F00A54304 /* Test.app */,
				8411E7E71EB12D9F00A54304 /* TestTests.xctest */,
				8411E7F21EB12D9F00A54304 /* TestUITests.xctest */,
			);
			name = Products;
			sourceTree = "<group>";
		};
		8411E7D21EB12D9F00A54304 /* Test */ = {
			isa = PBXGroup;
			children = (
				8411E7D31EB12D9F00A54304 /* AppDelegate.swift */,
				8411E7D51EB12D9F00A54304 /* ViewController.swift */,
				8411E7D71EB12D9F00A54304 /* Main.storyboard */,
				8411E7DD1EB12D9F00A54304 /* Assets.xcassets */,
				8411E7DF1EB12D9F00A54304 /* LaunchScreen.storyboard */,
				8411E7E21EB12D9F00A54304 /* Info.plist */,
				8411E7DA1EB12D9F00A54304 /* Test.xcdatamodeld */,
			);
			path = Test;
			sourceTree = "<group>";
		};
		8411E7EA1EB12D9F00A54304 /* TestTests */ = {
			isa = PBXGroup;
			children = (
				8411E7EB1EB12D9F00A54304 /* TestTests.swift */,
				8411E7ED1EB12D9F00A54304 /* Info.plist */,
			);
			path = TestTests;
			sourceTree = "<group>";
		};
		8411E7F51EB12D9F00A54304 /* TestUITests */ = {
			isa = PBXGroup;
			children = (
				8411E7F61EB12D9F00A54304 /* TestUITests.swift */,
				8411E7F81EB12D9F00A54304 /* Info.plist */,
			);
			path = TestUITests;
			sourceTree = "<group>";
		};
/* End PBXGroup section */

/* Begin PBXNativeTarget section */
		8411E7CF1EB12D9F00A54304 /* Test */ = {
			isa = PBXNativeTarget;
			buildConfigurationList = 8411E7FB1EB12D9F00A54304 /* Build configuration list for PBXNativeTarget "Test" */;
			buildPhases = (
				8411E7CC1EB12D9F00A54304 /* Sources */,
				8411E7CD1EB12D9F00A54304 /* Frameworks */,
				8411E7CE1EB12D9F00A54304 /* Resources */,
			);
			buildRules = (
			);
			dependencies = (
			);
			name = Test;
			productName = Test;
			productReference = 8411E7D01EB12D9F00A54304 /* Test.app */;
			productType = "com.apple.product-type.application";
		};
		8411E7E61EB12D9F00A54304 /* TestTests */ = {
			isa = PBXNativeTarget;
			buildConfigurationList = 8411E7FE1EB12D9F00A54304 /* Build configuration list for PBXNativeTarget "TestTests" */;
			buildPhases = (
				8411E7E31EB12D9F00A54304 /* Sources */,
				8411E7E41EB12D9F00A54304 /* Frameworks */,
				8411E7E51EB12D9F00A54304 /* Resources */,
			);
			buildRules = (
			);
			dependencies = (
				8411E7E91EB12D9F00A54304 /* PBXTargetDependency */,
			);
			name = TestTests;
			productName = TestTests;
			productReference = 8411E7E71EB12D9F00A54304 /* TestTests.xctest */;
			productType = "com.apple.product-type.bundle.unit-test";
		};
		8411E7F11EB12D9F00A54304 /* TestUITests */ = {
			isa = PBXNativeTarget;
			buildConfigurationList = 8411E8011EB12D9F00A54304 /* Build configuration list for PBXNativeTarget "TestUITests" */;
			buildPhases = (
				8411E7EE1EB12D9F00A54304 /* Sources */,
				8411E7EF1EB12D9F00A54304 /* Frameworks */,
				8411E7F01EB12D9F00A54304 /* Resources */,
			);
			buildRules = (
			);
			dependencies = (
				8411E7F41EB12D9F00A54304 /* PBXTargetDependency */,
			);
			name = TestUITests;
			productName = TestUITests;
			productReference = 8411E7F21EB12D9F00A54304 /* TestUITests.xctest */;
			productType = "com.apple.product-type.bundle.ui-testing";
		};
/* End PBXNativeTarget section */

/* Begin PBXProject section */
		8411E7C81EB12D9F00A54304 /* Project object */ = {
			isa = PBXProject;
			attributes = {
				LastSwiftUpdateCheck = 0810;
				LastUpgradeCheck = 0810;
				ORGANIZATIONNAME = admin;
				TargetAttributes = {
					8411E7CF1EB12D9F00A54304 = {
						CreatedOnToolsVersion = 8.1;
						ProvisioningStyle = Automatic;
					};
					8411E7E61EB12D9F00A54304 = {
						CreatedOnToolsVersion = 8.1;
						ProvisioningStyle = Automatic;
						TestTargetID = 8411E7CF1EB12D9F00A54304;
					};
					8411E7F11EB12D9F00A54304 = {
						CreatedOnToolsVersion = 8.1;
						ProvisioningStyle = Automatic;
						TestTargetID = 8411E7CF1EB12D9F00A54304;
					};
				};
			};
			buildConfigurationList = 8411E7CB1EB12D9F00A54304 /* Build configuration list for PBXProject "Test" */;
			compatibilityVersion = "Xcode 3.2";
			developmentRegion = English;
			hasScannedForEncodings = 0;
			knownRegions = (
				en,
				Base,
			);
			mainGroup = 8411E7C71EB12D9F00A54304;
			productRefGroup = 8411E7D11EB12D9F00A54304 /* Products */;
			projectDirPath = "";
			projectRoot = "";
			targets = (
				8411E7CF1EB12D9F00A54304 /* Test */,
				8411E7E61EB12D9F00A54304 /* TestTests */,
				8411E7F11EB12D9F00A54304 /* TestUITests */,
			);
		};
/* End PBXProject section */

/* Begin PBXResourcesBuildPhase section */
		8411E7CE1EB12D9F00A54304 /* Resources */ = {
			isa = PBXResourcesBuildPhase;
			buildActionMask = 2147483647;
			files = (
				8411E7E11EB12D9F00A54304 /* LaunchScreen.storyboard in Resources */,
				8411E7DE1EB12D9F00A54304 /* Assets.xcassets in Resources */,
				8411E7D91EB12D9F00A54304 /* Main.storyboard in Resources */,
			);
			runOnlyForDeploymentPostprocessing = 0;
		};
		8411E7E51EB12D9F00A54304 /* Resources */ = {
			isa = PBXResourcesBuildPhase;
			buildActionMask = 2147483647;
			files = (
			);
			runOnlyForDeploymentPostprocessing = 0;
		};
		8411E7F01EB12D9F00A54304 /* Resources */ = {
			isa = PBXResourcesBuildPhase;
			buildActionMask = 2147483647;
			files = (
			);
			runOnlyForDeploymentPostprocessing = 0;
		};
/* End PBXResourcesBuildPhase section */

/* Begin PBXSourcesBuildPhase section */
		8411E7CC1EB12D9F00A54304 /* Sources */ = {
			isa = PBXSourcesBuildPhase;
			buildActionMask = 2147483647;
			files = (
				8411E7D61EB12D9F00A54304 /* ViewController.swift in Sources */,
				8411E7D41EB12D9F00A54304 /* AppDelegate.swift in Sources */,
				8411E7DC1EB12D9F00A54304 /* Test.xcdatamodeld in Sources */,
			);
			runOnlyForDeploymentPostprocessing = 0;
		};
		8411E7E31EB12D9F00A54304 /* Sources */ = {
			isa = PBXSourcesBuildPhase;
			buildActionMask = 2147483647;
			files = (
				8411E7EC1EB12D9F00A54304 /* TestTests.swift in Sources */,
			);
			runOnlyForDeploymentPostprocessing = 0;
		};
		8411E7EE1EB12D9F00A54304 /* Sources */ = {
			isa = PBXSourcesBuildPhase;
			buildActionMask = 2147483647;
			files = (
				8411E7F71EB12D9F00A54304 /* TestUITests.swift in Sources */,
			);
			runOnlyForDeploymentPostprocessing = 0;
		};
/* End PBXSourcesBuildPhase section */

/* Begin PBXTargetDependency section */
		8411E7E91EB12D9F00A54304 /* PBXTargetDependency */ = {
			isa = PBXTargetDependency;
			target = 8411E7CF1EB12D9F00A54304 /* Test */;
			targetProxy = 8411E7E81EB12D9F00A54304 /* PBXContainerItemProxy */;
		};
		8411E7F41EB12D9F00A54304 /* PBXTargetDependency */ = {
			isa = PBXTargetDependency;
			target = 8411E7CF1EB12D9F00A54304 /* Test */;
			targetProxy = 8411E7F31EB12D9F00A54304 /* PBXContainerItemProxy */;
		};
/* End PBXTargetDependency section */

/* Begin PBXVariantGroup section */
		8411E7D71EB12D9F00A54304 /* Main.storyboard */ = {
			isa = PBXVariantGroup;
			children = (
				8411E7D81EB12D9F00A54304 /* Base */,
			);
			name = Main.storyboard;
			sourceTree = "<group>";
		};
		8411E7DF1EB12D9F00A54304 /* LaunchScreen.storyboard */ = {
			isa = PBXVariantGroup;
			children = (
				8411E7E01EB12D9F00A54304 /* Base */,
			);
			name = LaunchScreen.storyboard;
			sourceTree = "<group>";
		};
/* End PBXVariantGroup section */

/* Begin XCBuildConfiguration section */
		8411E7F91EB12D9F00A54304 /* Debug */ = {
			isa = XCBuildConfiguration;
			buildSettings = {
				ALWAYS_SEARCH_USER_PATHS = NO;
				CLANG_ANALYZER_NONNULL = YES;
				CLANG_CXX_LANGUAGE_STANDARD = "gnu++0x";
				CLANG_CXX_LIBRARY = "libc++";
				CLANG_ENABLE_MODULES = YES;
				CLANG_ENABLE_OBJC_ARC = YES;
				CLANG_WARN_BOOL_CONVERSION = YES;
				CLANG_WARN_CONSTANT_CONVERSION = YES;
				CLANG_WARN_DIRECT_OBJC_ISA_USAGE = YES_ERROR;
				CLANG_WARN_DOCUMENTATION_COMMENTS = YES;
				CLANG_WARN_EMPTY_BODY = YES;
				CLANG_WARN_ENUM_CONVERSION = YES;
				CLANG_WARN_INFINITE_RECURSION = YES;
				CLANG_WARN_INT_CONVERSION = YES;
				CLANG_WARN_OBJC_ROOT_CLASS = YES_ERROR;
				CLANG_WARN_SUSPICIOUS_MOVES = YES;
				CLANG_WARN_UNREACHABLE_CODE = YES;
				CLANG_WARN__DUPLICATE_METHOD_MATCH = YES;
				"CODE_SIGN_IDENTITY[sdk=iphoneos*]" = "iPhone Developer";
				COPY_PHASE_STRIP = NO;
				DEBUG_INFORMATION_FORMAT = dwarf;
				ENABLE_STRICT_OBJC_MSGSEND = YES;
				ENABLE_TESTABILITY = YES;
				GCC_C_LANGUAGE_STANDARD = gnu99;
				GCC_DYNAMIC_NO_PIC = NO;
				GCC_NO_COMMON_BLOCKS = YES;
				GCC_OPTIMIZATION_LEVEL = 0;
				GCC_PREPROCESSOR_DEFINITIONS = (
					"DEBUG=1",
					"$(inherited)",
				);
				GCC_WARN_64_TO_32_BIT_CONVERSION = YES;
				GCC_WARN_ABOUT_RETURN_TYPE = YES_ERROR;
				GCC_WARN_UNDECLARED_SELECTOR = YES;
				GCC_WARN_UNINITIALIZED_AUTOS = YES_AGGRESSIVE;
				GCC_WARN_UNUSED_FUNCTION = YES;
				GCC_WARN_UNUSED_VARIABLE = YES;
				IPHONEOS_DEPLOYMENT_TARGET = 10.1;
				MTL_ENABLE_DEBUG_INFO = YES;
				ONLY_ACTIVE_ARCH = YES;
				SDKROOT = iphoneos;
				SWIFT_ACTIVE_COMPILATION_CONDITIONS = DEBUG;
				SWIFT_OPTIMIZATION_LEVEL = "-Onone";
				TARGETED_DEVICE_FAMILY = "1,2";
			};
			name = Debug;
		};
		8411E7FA1EB12D9F00A54304 /* Release */ = {
			isa = XCBuildConfiguration;
			buildSettings = {
				ALWAYS_SEARCH_USER_PATHS = NO;
				CLANG_ANALYZER_NONNULL = YES;
				CLANG_CXX_LANGUAGE_STANDARD = "gnu++0x";
				CLANG_CXX_LIBRARY = "libc++";
				CLANG_ENABLE_MODULES = YES;
				CLANG_ENABLE_OBJC_ARC = YES;
				CLANG_WARN_BOOL_CONVERSION = YES;
				CLANG_WARN_CONSTANT_CONVERSION = YES;
				CLANG_WARN_DIRECT_OBJC_ISA_USAGE = YES_ERROR;
				CLANG_WARN_DOCUMENTATION_COMMENTS = YES;
				CLANG_WARN_EMPTY_BODY = YES;
				CLANG_WARN_ENUM_CONVERSION = YES;
				CLANG_WARN_INFINITE_RECURSION = YES;
				CLANG_WARN_INT_CONVERSION = YES;
				CLANG_WARN_OBJC_ROOT_CLASS = YES_ERROR;
				CLANG_WARN_SUSPICIOUS_MOVES = YES;
				CLANG_WARN_UNREACHABLE_CODE = YES;
				CLANG_WARN__DUPLICATE_METHOD_MATCH = YES;
				"CODE_SIGN_IDENTITY[sdk=iphoneos*]" = "iPhone Developer";
				COPY_PHASE_STRIP = NO;
				DEBUG_INFORMATION_FORMAT = "dwarf-with-dsym";
				ENABLE_NS_ASSERTIONS = NO;
				ENABLE_STRICT_OBJC_MSGSEND = YES;
				GCC_C_LANGUAGE_STANDARD = gnu99;
				GCC_NO_COMMON_BLOCKS = YES;
				GCC_WARN_64_TO_32_BIT_CONVERSION = YES;
				GCC_WARN_ABOUT_RETURN_TYPE = YES_ERROR;
				GCC_WARN_UNDECLARED_SELECTOR = YES;
				GCC_WARN_UNINITIALIZED_AUTOS = YES_AGGRESSIVE;
				GCC_WARN_UNUSED_FUNCTION = YES;
				GCC_WARN_UNUSED_VARIABLE = YES;
				IPHONEOS_DEPLOYMENT_TARGET = 10.1;
				MTL_ENABLE_DEBUG_INFO = NO;
				SDKROOT = iphoneos;
				SWIFT_OPTIMIZATION_LEVEL = "-Owholemodule";
				TARGETED_DEVICE_FAMILY = "1,2";
				VALIDATE_PRODUCT = YES;
			};
			name = Release;
		};
		8411E7FC1EB12D9F00A54304 /* Debug */ = {
			isa = XCBuildConfiguration;
			buildSettings = {
				ASSETCATALOG_COMPILER_APPICON_NAME = AppIcon;
				INFOPLIST_FILE = Test/Info.plist;
				LD_RUNPATH_SEARCH_PATHS = "$(inherited) @executable_path/Frameworks";
				PRODUCT_BUNDLE_IDENTIFIER = experion.Test;
				PRODUCT_NAME = "$(TARGET_NAME)";
				SWIFT_VERSION = 3.0;
			};
			name = Debug;
		};
		8411E7FD1EB12D9F00A54304 /* Release */ = {
			isa = XCBuildConfiguration;
			buildSettings = {
				ASSETCATALOG_COMPILER_APPICON_NAME = AppIcon;
				INFOPLIST_FILE = Test/Info.plist;
				LD_RUNPATH_SEARCH_PATHS = "$(inherited) @executable_path/Frameworks";
				PRODUCT_BUNDLE_IDENTIFIER = experion.Test;
				PRODUCT_NAME = "$(TARGET_NAME)";
				SWIFT_VERSION = 3.0;
			};
			name = Release;
		};
		8411E7FF1EB12D9F00A54304 /* Debug */ = {
			isa = XCBuildConfiguration;
			buildSettings = {
				ALWAYS_EMBED_SWIFT_STANDARD_LIBRARIES = YES;
				BUNDLE_LOADER = "$(TEST_HOST)";
				INFOPLIST_FILE = TestTests/Info.plist;
				LD_RUNPATH_SEARCH_PATHS = "$(inherited) @executable_path/Frameworks @loader_path/Frameworks";
				PRODUCT_BUNDLE_IDENTIFIER = experion.TestTests;
				PRODUCT_NAME = "$(TARGET_NAME)";
				SWIFT_VERSION = 3.0;
				TEST_HOST = "$(BUILT_PRODUCTS_DIR)/Test.app/Test";
			};
			name = Debug;
		};
		8411E8001EB12D9F00A54304 /* Release */ = {
			isa = XCBuildConfiguration;
			buildSettings = {
				ALWAYS_EMBED_SWIFT_STANDARD_LIBRARIES = YES;
				BUNDLE_LOADER = "$(TEST_HOST)";
				INFOPLIST_FILE = TestTests/Info.plist;
				LD_RUNPATH_SEARCH_PATHS = "$(inherited) @executable_path/Frameworks @loader_path/Frameworks";
				PRODUCT_BUNDLE_IDENTIFIER = experion.TestTests;
				PRODUCT_NAME = "$(TARGET_NAME)";
				SWIFT_VERSION = 3.0;
				TEST_HOST = "$(BUILT_PRODUCTS_DIR)/Test.app/Test";
			};
			name = Release;
		};
		8411E8021EB12D9F00A54304 /* Debug */ = {
			isa = XCBuildConfiguration;
			buildSettings = {
				ALWAYS_EMBED_SWIFT_STANDARD_LIBRARIES = YES;
				INFOPLIST_FILE = TestUITests/Info.plist;
				LD_RUNPATH_SEARCH_PATHS = "$(inherited) @executable_path/Frameworks @loader_path/Frameworks";
				PRODUCT_BUNDLE_IDENTIFIER = experion.TestUITests;
				PRODUCT_NAME = "$(TARGET_NAME)";
				SWIFT_VERSION = 3.0;
				TEST_TARGET_NAME = Test;
			};
			name = Debug;
		};
		8411E8031EB12D9F00A54304 /* Release */ = {
			isa = XCBuildConfiguration;
			buildSettings = {
				ALWAYS_EMBED_SWIFT_STANDARD_LIBRARIES = YES;
				INFOPLIST_FILE = TestUITests/Info.plist;
				LD_RUNPATH_SEARCH_PATHS = "$(inherited) @executable_path/Frameworks @loader_path/Frameworks";
				PRODUCT_BUNDLE_IDENTIFIER = experion.TestUITests;
				PRODUCT_NAME = "$(TARGET_NAME)";
				SWIFT_VERSION = 3.0;
				TEST_TARGET_NAME = Test;
			};
			name = Release;
		};
/* End XCBuildConfiguration section */

/* Begin XCConfigurationList section */
		8411E7CB1EB12D9F00A54304 /* Build configuration list for PBXProject "Test" */ = {
			isa = XCConfigurationList;
			buildConfigurations = (
				8411E7F91EB12D9F00A54304 /* Debug */,
				8411E7FA1EB12D9F00A54304 /* Release */,
			);
			defaultConfigurationIsVisible = 0;
			defaultConfigurationName = Release;
		};
		8411E7FB1EB12D9F00A54304 /* Build configuration list for PBXNativeTarget "Test" */ = {
			isa = XCConfigurationList;
			buildConfigurations = (
				8411E7FC1EB12D9F00A54304 /* Debug */,
				8411E7FD1EB12D9F00A54304 /* Release */,
			);
			defaultConfigurationIsVisible = 0;
		};
		8411E7FE1EB12D9F00A54304 /* Build configuration list for PBXNativeTarget "TestTests" */ = {
			isa = XCConfigurationList;
			buildConfigurations = (
				8411E7FF1EB12D9F00A54304 /* Debug */,
				8411E8001EB12D9F00A54304 /* Release */,
			);
			defaultConfigurationIsVisible = 0;
		};
		8411E8011EB12D9F00A54304 /* Build configuration list for PBXNativeTarget "TestUITests" */ = {
			isa = XCConfigurationList;
			buildConfigurations = (
				8411E8021EB12D9F00A54304 /* Debug */,
				8411E8031EB12D9F00A54304 /* Release */,
			);
			defaultConfigurationIsVisible = 0;
		};
/* End XCConfigurationList section */

/* Begin XCVersionGroup section */
		8411E7DA1EB12D9F00A54304 /* Test.xcdatamodeld */ = {
			isa = XCVersionGroup;
			children = (
				8411E7DB1EB12D9F00A54304 /* Test.xcdatamodel */,
			);
			currentVersion = 8411E7DB1EB12D9F00A54304 /* Test.xcdatamodel */;
			path = Test.xcdatamodeld;
			sourceTree = "<group>";
			versionGroupType = wrapper.xcdatamodel;
		};
/* End XCVersionGroup section */
	};
	rootObject = 8411E7C81EB12D9F00A54304 /* Project object */;
}
